
Microsoft Visual Studio Solution File, Format Version 12.00
# Visual Studio Version 16
VisualStudioVersion = 16.0.28803.452
MinimumVisualStudioVersion = 10.0.40219.1
Project("{FAE04EC0-301F-11D3-BF4B-00C04F79EFBC}") = "P01_Chronometer", "P01.Chronometer\P01_Chronometer.csproj", "{5A246918-6FC5-419B-A950-CECDC49907D4}"
EndProject
Global
	GlobalSection(SolutionConfigurationPlatforms) = preSolution
		Debug|Any CPU = Debug|Any CPU
		Release|Any CPU = Release|Any CPU
	EndGlobalSection
	GlobalSection(ProjectConfigurationPlatforms) = postSolution
		{5A246918-6FC5-419B-A950-CECDC49907D4}.Debug|Any CPU.ActiveCfg = Debug|Any CPU
		{5A246918-6FC5-419B-A950-CECDC49907D4}.Debug|Any CPU.Build.0 = Debug|Any CPU
		{5A246918-6FC5-419B-A950-CECDC49907D4}.Release|Any CPU.ActiveCfg = Release|Any CPU
		{5A246918-6FC5-419B-A950-CECDC49907D4}.Release|Any CPU.Build.0 = Release|Any CPU
	EndGlobalSection
	GlobalSection(SolutionProperties) = preSolution
		HideSolutionNode = FALSE
	EndGlobalSection
	GlobalSection(ExtensibilityGlobals) = postSolution
		SolutionGuid = {CA7D6082-073E-4E38-A0DD-A18EDB77AD16}
	EndGlobalSection
EndGlobal
