
Microsoft Visual Studio Solution File, Format Version 12.00
# Visual Studio 15
VisualStudioVersion = 15.0.27703.2000
MinimumVisualStudioVersion = 10.0.40219.1
Project("{FAE04EC0-301F-11D3-BF4B-00C04F79EFBC}") = "01_Money", "Exam_17-July-2016\01_Money.csproj", "{E486886E-9B5D-4359-9A5B-391F998C7BEC}"
EndProject
Project("{FAE04EC0-301F-11D3-BF4B-00C04F79EFBC}") = "02_Harvest", "02_Harvest\02_Harvest.csproj", "{9EA0FC1D-382B-4CA7-8B56-15FAD4CB838B}"
EndProject
Project("{FAE04EC0-301F-11D3-BF4B-00C04F79EFBC}") = "03_MatchTickets", "03_MatchTickets\03_MatchTickets.csproj", "{C034F006-66FA-4896-B4B1-924C6543E81E}"
EndProject
Project("{FAE04EC0-301F-11D3-BF4B-00C04F79EFBC}") = "04_BackInTime", "04_BackInTime\04_BackInTime.csproj", "{979343FB-D16F-4CC4-AD1B-F73D9A1D27CF}"
EndProject
Project("{FAE04EC0-301F-11D3-BF4B-00C04F79EFBC}") = "05_Diamond", "05_Diamond\05_Diamond.csproj", "{8954B713-E37A-43D4-A966-CFD1B9616296}"
EndProject
Project("{FAE04EC0-301F-11D3-BF4B-00C04F79EFBC}") = "06_StopNumber", "06_StopNumber\06_StopNumber.csproj", "{EC44F507-91B6-4845-BFD2-A2254E98C855}"
EndProject
Global
	GlobalSection(SolutionConfigurationPlatforms) = preSolution
		Debug|Any CPU = Debug|Any CPU
		Release|Any CPU = Release|Any CPU
	EndGlobalSection
	GlobalSection(ProjectConfigurationPlatforms) = postSolution
		{E486886E-9B5D-4359-9A5B-391F998C7BEC}.Debug|Any CPU.ActiveCfg = Debug|Any CPU
		{E486886E-9B5D-4359-9A5B-391F998C7BEC}.Debug|Any CPU.Build.0 = Debug|Any CPU
		{E486886E-9B5D-4359-9A5B-391F998C7BEC}.Release|Any CPU.ActiveCfg = Release|Any CPU
		{E486886E-9B5D-4359-9A5B-391F998C7BEC}.Release|Any CPU.Build.0 = Release|Any CPU
		{9EA0FC1D-382B-4CA7-8B56-15FAD4CB838B}.Debug|Any CPU.ActiveCfg = Debug|Any CPU
		{9EA0FC1D-382B-4CA7-8B56-15FAD4CB838B}.Debug|Any CPU.Build.0 = Debug|Any CPU
		{9EA0FC1D-382B-4CA7-8B56-15FAD4CB838B}.Release|Any CPU.ActiveCfg = Release|Any CPU
		{9EA0FC1D-382B-4CA7-8B56-15FAD4CB838B}.Release|Any CPU.Build.0 = Release|Any CPU
		{C034F006-66FA-4896-B4B1-924C6543E81E}.Debug|Any CPU.ActiveCfg = Debug|Any CPU
		{C034F006-66FA-4896-B4B1-924C6543E81E}.Debug|Any CPU.Build.0 = Debug|Any CPU
		{C034F006-66FA-4896-B4B1-924C6543E81E}.Release|Any CPU.ActiveCfg = Release|Any CPU
		{C034F006-66FA-4896-B4B1-924C6543E81E}.Release|Any CPU.Build.0 = Release|Any CPU
		{979343FB-D16F-4CC4-AD1B-F73D9A1D27CF}.Debug|Any CPU.ActiveCfg = Debug|Any CPU
		{979343FB-D16F-4CC4-AD1B-F73D9A1D27CF}.Debug|Any CPU.Build.0 = Debug|Any CPU
		{979343FB-D16F-4CC4-AD1B-F73D9A1D27CF}.Release|Any CPU.ActiveCfg = Release|Any CPU
		{979343FB-D16F-4CC4-AD1B-F73D9A1D27CF}.Release|Any CPU.Build.0 = Release|Any CPU
		{8954B713-E37A-43D4-A966-CFD1B9616296}.Debug|Any CPU.ActiveCfg = Debug|Any CPU
		{8954B713-E37A-43D4-A966-CFD1B9616296}.Debug|Any CPU.Build.0 = Debug|Any CPU
		{8954B713-E37A-43D4-A966-CFD1B9616296}.Release|Any CPU.ActiveCfg = Release|Any CPU
		{8954B713-E37A-43D4-A966-CFD1B9616296}.Release|Any CPU.Build.0 = Release|Any CPU
		{EC44F507-91B6-4845-BFD2-A2254E98C855}.Debug|Any CPU.ActiveCfg = Debug|Any CPU
		{EC44F507-91B6-4845-BFD2-A2254E98C855}.Debug|Any CPU.Build.0 = Debug|Any CPU
		{EC44F507-91B6-4845-BFD2-A2254E98C855}.Release|Any CPU.ActiveCfg = Release|Any CPU
		{EC44F507-91B6-4845-BFD2-A2254E98C855}.Release|Any CPU.Build.0 = Release|Any CPU
	EndGlobalSection
	GlobalSection(SolutionProperties) = preSolution
		HideSolutionNode = FALSE
	EndGlobalSection
	GlobalSection(ExtensibilityGlobals) = postSolution
		SolutionGuid = {D1FA26F7-2231-476E-9E1C-8D053D16C47C}
	EndGlobalSection
EndGlobal
