
Microsoft Visual Studio Solution File, Format Version 12.00
# Visual Studio 15
VisualStudioVersion = 15.0.28010.2026
MinimumVisualStudioVersion = 10.0.40219.1
Project("{FAE04EC0-301F-11D3-BF4B-00C04F79EFBC}") = "02.Commander_Interpreter", "02.Commander_Interpreter\02.Commander_Interpreter.csproj", "{9996483B-CC68-4179-95CC-A2B22E6EEBBB}"
EndProject
Project("{FAE04EC0-301F-11D3-BF4B-00C04F79EFBC}") = "03.Snowmen", "03.Snowmen\03.Snowmen.csproj", "{2B641249-043A-4433-93DA-A415BC40905B}"
EndProject
Global
	GlobalSection(SolutionConfigurationPlatforms) = preSolution
		Debug|Any CPU = Debug|Any CPU
		Release|Any CPU = Release|Any CPU
	EndGlobalSection
	GlobalSection(ProjectConfigurationPlatforms) = postSolution
		{9996483B-CC68-4179-95CC-A2B22E6EEBBB}.Debug|Any CPU.ActiveCfg = Debug|Any CPU
		{9996483B-CC68-4179-95CC-A2B22E6EEBBB}.Debug|Any CPU.Build.0 = Debug|Any CPU
		{9996483B-CC68-4179-95CC-A2B22E6EEBBB}.Release|Any CPU.ActiveCfg = Release|Any CPU
		{9996483B-CC68-4179-95CC-A2B22E6EEBBB}.Release|Any CPU.Build.0 = Release|Any CPU
		{2B641249-043A-4433-93DA-A415BC40905B}.Debug|Any CPU.ActiveCfg = Debug|Any CPU
		{2B641249-043A-4433-93DA-A415BC40905B}.Debug|Any CPU.Build.0 = Debug|Any CPU
		{2B641249-043A-4433-93DA-A415BC40905B}.Release|Any CPU.ActiveCfg = Release|Any CPU
		{2B641249-043A-4433-93DA-A415BC40905B}.Release|Any CPU.Build.0 = Release|Any CPU
	EndGlobalSection
	GlobalSection(SolutionProperties) = preSolution
		HideSolutionNode = FALSE
	EndGlobalSection
	GlobalSection(ExtensibilityGlobals) = postSolution
		SolutionGuid = {746C3248-6079-4C1B-9158-291006863045}
	EndGlobalSection
EndGlobal
