
Microsoft Visual Studio Solution File, Format Version 12.00
# Visual Studio 15
VisualStudioVersion = 15.0.28010.2026
MinimumVisualStudioVersion = 10.0.40219.1
Project("{9A19103F-16F7-4668-BE54-9A1E7A4F7556}") = "P01.Basic_Stack_Operations", "P02.Basic_Operations\P01.Basic_Stack_Operations.csproj", "{6C600A95-01E6-4947-8AEB-6FF881610D44}"
EndProject
Project("{9A19103F-16F7-4668-BE54-9A1E7A4F7556}") = "P03.Max_Min_Element", "P03.Max_Element\P03.Max_Min_Element.csproj", "{780D61C4-DB02-4955-B0D7-66837BC8DFAF}"
EndProject
Project("{9A19103F-16F7-4668-BE54-9A1E7A4F7556}") = "P05.Fashion_Boutique", "P05.Calculate_Sequence\P05.Fashion_Boutique.csproj", "{6AAB1BFB-F72A-4645-8B74-DE00A8D3921A}"
EndProject
Project("{9A19103F-16F7-4668-BE54-9A1E7A4F7556}") = "P02.Basic_Queue_Operations", "P04.Basic_Queue_Operations\P02.Basic_Queue_Operations.csproj", "{9845C302-0934-4C36-9943-0D1B06B9149F}"
EndProject
Project("{9A19103F-16F7-4668-BE54-9A1E7A4F7556}") = "P07.Truck_Tour", "P06.Truck_Tour\P07.Truck_Tour.csproj", "{7655FE90-DE10-4DDF-8C31-08D399B2B4DD}"
EndProject
Project("{9A19103F-16F7-4668-BE54-9A1E7A4F7556}") = "P08.Balanced_Parentheses", "P07.Balanced_Parentheses\P08.Balanced_Parentheses.csproj", "{749A7C85-8C3A-4ECD-ABD0-CC77F0FC7C59}"
EndProject
Project("{9A19103F-16F7-4668-BE54-9A1E7A4F7556}") = "P08.StackFibonacci", "P08.StackFibonacci\P08.StackFibonacci.csproj", "{A5BB5304-136B-4260-8A8E-5022E594DEAB}"
EndProject
Project("{9A19103F-16F7-4668-BE54-9A1E7A4F7556}") = "P04.Fast_Food", "P04.Fast_Food\P04.Fast_Food.csproj", "{55742205-78F5-4106-98D4-6CCA42FCC906}"
EndProject
Project("{9A19103F-16F7-4668-BE54-9A1E7A4F7556}") = "P06.Auto_Repair", "P06.Auto_Repair\P06.Auto_Repair.csproj", "{5C568589-4F30-4CFC-89E6-7654A02E7982}"
EndProject
Project("{9A19103F-16F7-4668-BE54-9A1E7A4F7556}") = "P09.Simple_Text_Editor", "P09.Simple_Text_Editor\P09.Simple_Text_Editor.csproj", "{FC5DB045-37D7-47DC-BF63-092498C93071}"
EndProject
Project("{FAE04EC0-301F-11D3-BF4B-00C04F79EFBC}") = "P10.Crossroads", "P10.Crossroads\P10.Crossroads.csproj", "{C211774D-AEEE-496D-9557-D7383CD2CCD6}"
EndProject
Project("{FAE04EC0-301F-11D3-BF4B-00C04F79EFBC}") = "P11.Key_Revolver", "P11.Key_Revolver\P11.Key_Revolver.csproj", "{38A5A852-85B8-4D5D-8AA9-7ADF0BD20C85}"
EndProject
Global
	GlobalSection(SolutionConfigurationPlatforms) = preSolution
		Debug|Any CPU = Debug|Any CPU
		Release|Any CPU = Release|Any CPU
	EndGlobalSection
	GlobalSection(ProjectConfigurationPlatforms) = postSolution
		{6C600A95-01E6-4947-8AEB-6FF881610D44}.Debug|Any CPU.ActiveCfg = Debug|Any CPU
		{6C600A95-01E6-4947-8AEB-6FF881610D44}.Debug|Any CPU.Build.0 = Debug|Any CPU
		{6C600A95-01E6-4947-8AEB-6FF881610D44}.Release|Any CPU.ActiveCfg = Release|Any CPU
		{6C600A95-01E6-4947-8AEB-6FF881610D44}.Release|Any CPU.Build.0 = Release|Any CPU
		{780D61C4-DB02-4955-B0D7-66837BC8DFAF}.Debug|Any CPU.ActiveCfg = Debug|Any CPU
		{780D61C4-DB02-4955-B0D7-66837BC8DFAF}.Debug|Any CPU.Build.0 = Debug|Any CPU
		{780D61C4-DB02-4955-B0D7-66837BC8DFAF}.Release|Any CPU.ActiveCfg = Release|Any CPU
		{780D61C4-DB02-4955-B0D7-66837BC8DFAF}.Release|Any CPU.Build.0 = Release|Any CPU
		{6AAB1BFB-F72A-4645-8B74-DE00A8D3921A}.Debug|Any CPU.ActiveCfg = Debug|Any CPU
		{6AAB1BFB-F72A-4645-8B74-DE00A8D3921A}.Debug|Any CPU.Build.0 = Debug|Any CPU
		{6AAB1BFB-F72A-4645-8B74-DE00A8D3921A}.Release|Any CPU.ActiveCfg = Release|Any CPU
		{6AAB1BFB-F72A-4645-8B74-DE00A8D3921A}.Release|Any CPU.Build.0 = Release|Any CPU
		{9845C302-0934-4C36-9943-0D1B06B9149F}.Debug|Any CPU.ActiveCfg = Debug|Any CPU
		{9845C302-0934-4C36-9943-0D1B06B9149F}.Debug|Any CPU.Build.0 = Debug|Any CPU
		{9845C302-0934-4C36-9943-0D1B06B9149F}.Release|Any CPU.ActiveCfg = Release|Any CPU
		{9845C302-0934-4C36-9943-0D1B06B9149F}.Release|Any CPU.Build.0 = Release|Any CPU
		{7655FE90-DE10-4DDF-8C31-08D399B2B4DD}.Debug|Any CPU.ActiveCfg = Debug|Any CPU
		{7655FE90-DE10-4DDF-8C31-08D399B2B4DD}.Debug|Any CPU.Build.0 = Debug|Any CPU
		{7655FE90-DE10-4DDF-8C31-08D399B2B4DD}.Release|Any CPU.ActiveCfg = Release|Any CPU
		{7655FE90-DE10-4DDF-8C31-08D399B2B4DD}.Release|Any CPU.Build.0 = Release|Any CPU
		{749A7C85-8C3A-4ECD-ABD0-CC77F0FC7C59}.Debug|Any CPU.ActiveCfg = Debug|Any CPU
		{749A7C85-8C3A-4ECD-ABD0-CC77F0FC7C59}.Debug|Any CPU.Build.0 = Debug|Any CPU
		{749A7C85-8C3A-4ECD-ABD0-CC77F0FC7C59}.Release|Any CPU.ActiveCfg = Release|Any CPU
		{749A7C85-8C3A-4ECD-ABD0-CC77F0FC7C59}.Release|Any CPU.Build.0 = Release|Any CPU
		{A5BB5304-136B-4260-8A8E-5022E594DEAB}.Debug|Any CPU.ActiveCfg = Debug|Any CPU
		{A5BB5304-136B-4260-8A8E-5022E594DEAB}.Debug|Any CPU.Build.0 = Debug|Any CPU
		{A5BB5304-136B-4260-8A8E-5022E594DEAB}.Release|Any CPU.ActiveCfg = Release|Any CPU
		{A5BB5304-136B-4260-8A8E-5022E594DEAB}.Release|Any CPU.Build.0 = Release|Any CPU
		{55742205-78F5-4106-98D4-6CCA42FCC906}.Debug|Any CPU.ActiveCfg = Debug|Any CPU
		{55742205-78F5-4106-98D4-6CCA42FCC906}.Debug|Any CPU.Build.0 = Debug|Any CPU
		{55742205-78F5-4106-98D4-6CCA42FCC906}.Release|Any CPU.ActiveCfg = Release|Any CPU
		{55742205-78F5-4106-98D4-6CCA42FCC906}.Release|Any CPU.Build.0 = Release|Any CPU
		{5C568589-4F30-4CFC-89E6-7654A02E7982}.Debug|Any CPU.ActiveCfg = Debug|Any CPU
		{5C568589-4F30-4CFC-89E6-7654A02E7982}.Debug|Any CPU.Build.0 = Debug|Any CPU
		{5C568589-4F30-4CFC-89E6-7654A02E7982}.Release|Any CPU.ActiveCfg = Release|Any CPU
		{5C568589-4F30-4CFC-89E6-7654A02E7982}.Release|Any CPU.Build.0 = Release|Any CPU
		{FC5DB045-37D7-47DC-BF63-092498C93071}.Debug|Any CPU.ActiveCfg = Debug|Any CPU
		{FC5DB045-37D7-47DC-BF63-092498C93071}.Debug|Any CPU.Build.0 = Debug|Any CPU
		{FC5DB045-37D7-47DC-BF63-092498C93071}.Release|Any CPU.ActiveCfg = Release|Any CPU
		{FC5DB045-37D7-47DC-BF63-092498C93071}.Release|Any CPU.Build.0 = Release|Any CPU
		{C211774D-AEEE-496D-9557-D7383CD2CCD6}.Debug|Any CPU.ActiveCfg = Debug|Any CPU
		{C211774D-AEEE-496D-9557-D7383CD2CCD6}.Debug|Any CPU.Build.0 = Debug|Any CPU
		{C211774D-AEEE-496D-9557-D7383CD2CCD6}.Release|Any CPU.ActiveCfg = Release|Any CPU
		{C211774D-AEEE-496D-9557-D7383CD2CCD6}.Release|Any CPU.Build.0 = Release|Any CPU
		{38A5A852-85B8-4D5D-8AA9-7ADF0BD20C85}.Debug|Any CPU.ActiveCfg = Debug|Any CPU
		{38A5A852-85B8-4D5D-8AA9-7ADF0BD20C85}.Debug|Any CPU.Build.0 = Debug|Any CPU
		{38A5A852-85B8-4D5D-8AA9-7ADF0BD20C85}.Release|Any CPU.ActiveCfg = Release|Any CPU
		{38A5A852-85B8-4D5D-8AA9-7ADF0BD20C85}.Release|Any CPU.Build.0 = Release|Any CPU
	EndGlobalSection
	GlobalSection(SolutionProperties) = preSolution
		HideSolutionNode = FALSE
	EndGlobalSection
	GlobalSection(ExtensibilityGlobals) = postSolution
		SolutionGuid = {23E893CA-413A-4203-9BAF-666A62E5DCDD}
	EndGlobalSection
EndGlobal
