
Microsoft Visual Studio Solution File, Format Version 12.00
# Visual Studio 15
VisualStudioVersion = 15.0.28010.2026
MinimumVisualStudioVersion = 10.0.40219.1
Project("{FAE04EC0-301F-11D3-BF4B-00C04F79EFBC}") = "SoftUni", "SoftUni\SoftUni.csproj", "{92260112-06CE-4328-B4B6-19A3EF03E524}"
EndProject
Global
	GlobalSection(SolutionConfigurationPlatforms) = preSolution
		Debug|Any CPU = Debug|Any CPU
		Release|Any CPU = Release|Any CPU
	EndGlobalSection
	GlobalSection(ProjectConfigurationPlatforms) = postSolution
		{92260112-06CE-4328-B4B6-19A3EF03E524}.Debug|Any CPU.ActiveCfg = Debug|Any CPU
		{92260112-06CE-4328-B4B6-19A3EF03E524}.Debug|Any CPU.Build.0 = Debug|Any CPU
		{92260112-06CE-4328-B4B6-19A3EF03E524}.Release|Any CPU.ActiveCfg = Release|Any CPU
		{92260112-06CE-4328-B4B6-19A3EF03E524}.Release|Any CPU.Build.0 = Release|Any CPU
	EndGlobalSection
	GlobalSection(SolutionProperties) = preSolution
		HideSolutionNode = FALSE
	EndGlobalSection
	GlobalSection(ExtensibilityGlobals) = postSolution
		SolutionGuid = {B770A13C-1B97-4722-B908-7F82B4C739BD}
	EndGlobalSection
EndGlobal
