
Microsoft Visual Studio Solution File, Format Version 12.00
# Visual Studio 15
VisualStudioVersion = 15.0.27703.2000
MinimumVisualStudioVersion = 10.0.40219.1
Project("{FAE04EC0-301F-11D3-BF4B-00C04F79EFBC}") = "06.NumberGenerator", "Exam_07-May-2017\06.NumberGenerator.csproj", "{463F8C5D-FA14-4979-811B-7FD19333CA6A}"
EndProject
Project("{FAE04EC0-301F-11D3-BF4B-00C04F79EFBC}") = "05.Crown", "05.Crown\05.Crown.csproj", "{7657A24C-3FCA-477C-BB7F-B5AE37BD46D5}"
EndProject
Project("{FAE04EC0-301F-11D3-BF4B-00C04F79EFBC}") = "04.FootballLeague", "04.FootballLeague\04.FootballLeague.csproj", "{C0BE9073-E30C-41DC-8E64-44C4CAB18D8C}"
EndProject
Global
	GlobalSection(SolutionConfigurationPlatforms) = preSolution
		Debug|Any CPU = Debug|Any CPU
		Release|Any CPU = Release|Any CPU
	EndGlobalSection
	GlobalSection(ProjectConfigurationPlatforms) = postSolution
		{463F8C5D-FA14-4979-811B-7FD19333CA6A}.Debug|Any CPU.ActiveCfg = Debug|Any CPU
		{463F8C5D-FA14-4979-811B-7FD19333CA6A}.Debug|Any CPU.Build.0 = Debug|Any CPU
		{463F8C5D-FA14-4979-811B-7FD19333CA6A}.Release|Any CPU.ActiveCfg = Release|Any CPU
		{463F8C5D-FA14-4979-811B-7FD19333CA6A}.Release|Any CPU.Build.0 = Release|Any CPU
		{7657A24C-3FCA-477C-BB7F-B5AE37BD46D5}.Debug|Any CPU.ActiveCfg = Debug|Any CPU
		{7657A24C-3FCA-477C-BB7F-B5AE37BD46D5}.Debug|Any CPU.Build.0 = Debug|Any CPU
		{7657A24C-3FCA-477C-BB7F-B5AE37BD46D5}.Release|Any CPU.ActiveCfg = Release|Any CPU
		{7657A24C-3FCA-477C-BB7F-B5AE37BD46D5}.Release|Any CPU.Build.0 = Release|Any CPU
		{C0BE9073-E30C-41DC-8E64-44C4CAB18D8C}.Debug|Any CPU.ActiveCfg = Debug|Any CPU
		{C0BE9073-E30C-41DC-8E64-44C4CAB18D8C}.Debug|Any CPU.Build.0 = Debug|Any CPU
		{C0BE9073-E30C-41DC-8E64-44C4CAB18D8C}.Release|Any CPU.ActiveCfg = Release|Any CPU
		{C0BE9073-E30C-41DC-8E64-44C4CAB18D8C}.Release|Any CPU.Build.0 = Release|Any CPU
	EndGlobalSection
	GlobalSection(SolutionProperties) = preSolution
		HideSolutionNode = FALSE
	EndGlobalSection
	GlobalSection(ExtensibilityGlobals) = postSolution
		SolutionGuid = {67C0A955-7616-4B7D-93A4-2D9DF98B3FAB}
	EndGlobalSection
EndGlobal
