
Microsoft Visual Studio Solution File, Format Version 12.00
# Visual Studio Version 16
VisualStudioVersion = 16.0.28803.352
MinimumVisualStudioVersion = 10.0.40219.1
Project("{FAE04EC0-301F-11D3-BF4B-00C04F79EFBC}") = "SIS", "SIS\SIS.csproj", "{2F319778-FC29-4227-ACDE-62FA5439D00F}"
EndProject
Project("{FAE04EC0-301F-11D3-BF4B-00C04F79EFBC}") = "SIS.HTTP", "SIS.HTTP\SIS.HTTP.csproj", "{2F1EC3FE-ABCA-440E-869D-1F749E9952FC}"
EndProject
Project("{FAE04EC0-301F-11D3-BF4B-00C04F79EFBC}") = "SIS.WebServer", "SIS.WebServer\SIS.WebServer.csproj", "{4D604A15-3173-4B90-8708-3CBAD2A0DF05}"
EndProject
Global
	GlobalSection(SolutionConfigurationPlatforms) = preSolution
		Debug|Any CPU = Debug|Any CPU
		Release|Any CPU = Release|Any CPU
	EndGlobalSection
	GlobalSection(ProjectConfigurationPlatforms) = postSolution
		{2F319778-FC29-4227-ACDE-62FA5439D00F}.Debug|Any CPU.ActiveCfg = Debug|Any CPU
		{2F319778-FC29-4227-ACDE-62FA5439D00F}.Debug|Any CPU.Build.0 = Debug|Any CPU
		{2F319778-FC29-4227-ACDE-62FA5439D00F}.Release|Any CPU.ActiveCfg = Release|Any CPU
		{2F319778-FC29-4227-ACDE-62FA5439D00F}.Release|Any CPU.Build.0 = Release|Any CPU
		{2F1EC3FE-ABCA-440E-869D-1F749E9952FC}.Debug|Any CPU.ActiveCfg = Debug|Any CPU
		{2F1EC3FE-ABCA-440E-869D-1F749E9952FC}.Debug|Any CPU.Build.0 = Debug|Any CPU
		{2F1EC3FE-ABCA-440E-869D-1F749E9952FC}.Release|Any CPU.ActiveCfg = Release|Any CPU
		{2F1EC3FE-ABCA-440E-869D-1F749E9952FC}.Release|Any CPU.Build.0 = Release|Any CPU
		{4D604A15-3173-4B90-8708-3CBAD2A0DF05}.Debug|Any CPU.ActiveCfg = Debug|Any CPU
		{4D604A15-3173-4B90-8708-3CBAD2A0DF05}.Debug|Any CPU.Build.0 = Debug|Any CPU
		{4D604A15-3173-4B90-8708-3CBAD2A0DF05}.Release|Any CPU.ActiveCfg = Release|Any CPU
		{4D604A15-3173-4B90-8708-3CBAD2A0DF05}.Release|Any CPU.Build.0 = Release|Any CPU
	EndGlobalSection
	GlobalSection(SolutionProperties) = preSolution
		HideSolutionNode = FALSE
	EndGlobalSection
	GlobalSection(ExtensibilityGlobals) = postSolution
		SolutionGuid = {2279543B-C360-4AB6-B338-870CF10503C6}
	EndGlobalSection
EndGlobal
