
Microsoft Visual Studio Solution File, Format Version 12.00
# Visual Studio Version 16
VisualStudioVersion = 16.0.29001.49
MinimumVisualStudioVersion = 10.0.40219.1
Project("{FAE04EC0-301F-11D3-BF4B-00C04F79EFBC}") = "Eventures.App", "Eventures.App\Eventures.App.csproj", "{FF28C6A5-2071-4217-9E10-4ADFBE09F661}"
EndProject
Project("{FAE04EC0-301F-11D3-BF4B-00C04F79EFBC}") = "Eventures.Domain", "Eventures.Domain\Eventures.Domain.csproj", "{ECF287DA-7022-46B7-B029-FE3F6FA2B7F4}"
EndProject
Global
	GlobalSection(SolutionConfigurationPlatforms) = preSolution
		Debug|Any CPU = Debug|Any CPU
		Release|Any CPU = Release|Any CPU
	EndGlobalSection
	GlobalSection(ProjectConfigurationPlatforms) = postSolution
		{FF28C6A5-2071-4217-9E10-4ADFBE09F661}.Debug|Any CPU.ActiveCfg = Debug|Any CPU
		{FF28C6A5-2071-4217-9E10-4ADFBE09F661}.Debug|Any CPU.Build.0 = Debug|Any CPU
		{FF28C6A5-2071-4217-9E10-4ADFBE09F661}.Release|Any CPU.ActiveCfg = Release|Any CPU
		{FF28C6A5-2071-4217-9E10-4ADFBE09F661}.Release|Any CPU.Build.0 = Release|Any CPU
		{ECF287DA-7022-46B7-B029-FE3F6FA2B7F4}.Debug|Any CPU.ActiveCfg = Debug|Any CPU
		{ECF287DA-7022-46B7-B029-FE3F6FA2B7F4}.Debug|Any CPU.Build.0 = Debug|Any CPU
		{ECF287DA-7022-46B7-B029-FE3F6FA2B7F4}.Release|Any CPU.ActiveCfg = Release|Any CPU
		{ECF287DA-7022-46B7-B029-FE3F6FA2B7F4}.Release|Any CPU.Build.0 = Release|Any CPU
	EndGlobalSection
	GlobalSection(SolutionProperties) = preSolution
		HideSolutionNode = FALSE
	EndGlobalSection
	GlobalSection(ExtensibilityGlobals) = postSolution
		SolutionGuid = {F59AF109-AC68-4B58-99A1-9E269DAA85AD}
	EndGlobalSection
EndGlobal
