
Microsoft Visual Studio Solution File, Format Version 12.00
# Visual Studio 15
VisualStudioVersion = 15.0.28010.2026
MinimumVisualStudioVersion = 10.0.40219.1
Project("{FAE04EC0-301F-11D3-BF4B-00C04F79EFBC}") = "P01_HospitalDatabase", "P01_HospitalDatabase\P01_HospitalDatabase.csproj", "{E042219E-EA48-43C6-BB89-0F1065F1EE09}"
EndProject
Project("{FAE04EC0-301F-11D3-BF4B-00C04F79EFBC}") = "P03_SalesDatabase", "P03_SalesDatabase\P03_SalesDatabase.csproj", "{C1481540-B132-4B20-A1D2-2B5A3037D96E}"
EndProject
Global
	GlobalSection(SolutionConfigurationPlatforms) = preSolution
		Debug|Any CPU = Debug|Any CPU
		Release|Any CPU = Release|Any CPU
	EndGlobalSection
	GlobalSection(ProjectConfigurationPlatforms) = postSolution
		{E042219E-EA48-43C6-BB89-0F1065F1EE09}.Debug|Any CPU.ActiveCfg = Debug|Any CPU
		{E042219E-EA48-43C6-BB89-0F1065F1EE09}.Debug|Any CPU.Build.0 = Debug|Any CPU
		{E042219E-EA48-43C6-BB89-0F1065F1EE09}.Release|Any CPU.ActiveCfg = Release|Any CPU
		{E042219E-EA48-43C6-BB89-0F1065F1EE09}.Release|Any CPU.Build.0 = Release|Any CPU
		{C1481540-B132-4B20-A1D2-2B5A3037D96E}.Debug|Any CPU.ActiveCfg = Debug|Any CPU
		{C1481540-B132-4B20-A1D2-2B5A3037D96E}.Debug|Any CPU.Build.0 = Debug|Any CPU
		{C1481540-B132-4B20-A1D2-2B5A3037D96E}.Release|Any CPU.ActiveCfg = Release|Any CPU
		{C1481540-B132-4B20-A1D2-2B5A3037D96E}.Release|Any CPU.Build.0 = Release|Any CPU
	EndGlobalSection
	GlobalSection(SolutionProperties) = preSolution
		HideSolutionNode = FALSE
	EndGlobalSection
	GlobalSection(ExtensibilityGlobals) = postSolution
		SolutionGuid = {2F0A0CDC-0543-4308-ACCF-5E8743B60D35}
	EndGlobalSection
EndGlobal
