
Microsoft Visual Studio Solution File, Format Version 12.00
# Visual Studio 15
VisualStudioVersion = 15.0.28010.2026
MinimumVisualStudioVersion = 10.0.40219.1
Project("{FAE04EC0-301F-11D3-BF4B-00C04F79EFBC}") = "01.Baking_Masterclass", "PF_DemoExam__27-Oct-2018\01.Baking_Masterclass.csproj", "{7364BE7B-7ACF-4003-99A0-5E3858D1ED0F}"
EndProject
Project("{FAE04EC0-301F-11D3-BF4B-00C04F79EFBC}") = "02.Baking_Rush", "02.Baking_Rush\02.Baking_Rush.csproj", "{FA53D3E4-860F-4343-996C-44365E0465DE}"
EndProject
Project("{FAE04EC0-301F-11D3-BF4B-00C04F79EFBC}") = "03.Baking_Factory", "03.Baking_Factory\03.Baking_Factory.csproj", "{C52F3A6C-52BA-4A54-AA9E-CE78E65F33B5}"
EndProject
Global
	GlobalSection(SolutionConfigurationPlatforms) = preSolution
		Debug|Any CPU = Debug|Any CPU
		Release|Any CPU = Release|Any CPU
	EndGlobalSection
	GlobalSection(ProjectConfigurationPlatforms) = postSolution
		{7364BE7B-7ACF-4003-99A0-5E3858D1ED0F}.Debug|Any CPU.ActiveCfg = Debug|Any CPU
		{7364BE7B-7ACF-4003-99A0-5E3858D1ED0F}.Debug|Any CPU.Build.0 = Debug|Any CPU
		{7364BE7B-7ACF-4003-99A0-5E3858D1ED0F}.Release|Any CPU.ActiveCfg = Release|Any CPU
		{7364BE7B-7ACF-4003-99A0-5E3858D1ED0F}.Release|Any CPU.Build.0 = Release|Any CPU
		{FA53D3E4-860F-4343-996C-44365E0465DE}.Debug|Any CPU.ActiveCfg = Debug|Any CPU
		{FA53D3E4-860F-4343-996C-44365E0465DE}.Debug|Any CPU.Build.0 = Debug|Any CPU
		{FA53D3E4-860F-4343-996C-44365E0465DE}.Release|Any CPU.ActiveCfg = Release|Any CPU
		{FA53D3E4-860F-4343-996C-44365E0465DE}.Release|Any CPU.Build.0 = Release|Any CPU
		{C52F3A6C-52BA-4A54-AA9E-CE78E65F33B5}.Debug|Any CPU.ActiveCfg = Debug|Any CPU
		{C52F3A6C-52BA-4A54-AA9E-CE78E65F33B5}.Debug|Any CPU.Build.0 = Debug|Any CPU
		{C52F3A6C-52BA-4A54-AA9E-CE78E65F33B5}.Release|Any CPU.ActiveCfg = Release|Any CPU
		{C52F3A6C-52BA-4A54-AA9E-CE78E65F33B5}.Release|Any CPU.Build.0 = Release|Any CPU
	EndGlobalSection
	GlobalSection(SolutionProperties) = preSolution
		HideSolutionNode = FALSE
	EndGlobalSection
	GlobalSection(ExtensibilityGlobals) = postSolution
		SolutionGuid = {9790B1F0-E23A-49FD-B178-780DC2700D33}
	EndGlobalSection
EndGlobal
