
Microsoft Visual Studio Solution File, Format Version 12.00
# Visual Studio 15
VisualStudioVersion = 15.0.28010.2026
MinimumVisualStudioVersion = 10.0.40219.1
Project("{9A19103F-16F7-4668-BE54-9A1E7A4F7556}") = "01.DefiningClasses", "DefiningClasses\01.DefiningClasses.csproj", "{526DE6A8-3B57-497D-B70B-1E76D344B18F}"
EndProject
Project("{9A19103F-16F7-4668-BE54-9A1E7A4F7556}") = "05.Date_Modifier", "05.Data_Modifier\05.Date_Modifier.csproj", "{3E247C37-6D66-4F40-A795-B34DC45A55C5}"
EndProject
Project("{9A19103F-16F7-4668-BE54-9A1E7A4F7556}") = "06.Company_Roster", "06.Company_Roster\06.Company_Roster.csproj", "{2F059C59-5334-4D31-BE46-6814FFD000FA}"
EndProject
Project("{9A19103F-16F7-4668-BE54-9A1E7A4F7556}") = "07.Speed_Racing", "07.Speed_Racing\07.Speed_Racing.csproj", "{0EAB2071-8099-4F14-B657-06F1ADB7A1A2}"
EndProject
Project("{9A19103F-16F7-4668-BE54-9A1E7A4F7556}") = "04.Opinion_Poll", "04.Opinion_Poll\04.Opinion_Poll.csproj", "{A83709FB-F374-41B9-B963-A0478F303FF0}"
EndProject
Project("{9A19103F-16F7-4668-BE54-9A1E7A4F7556}") = "08.Raw_Data", "08.Raw_Data\08.Raw_Data.csproj", "{26E94B89-A4B7-4BD1-A4B5-98509A60F9AF}"
EndProject
Project("{9A19103F-16F7-4668-BE54-9A1E7A4F7556}") = "09.Rectangle_Intersection", "09.Rectangle_Intersection\09.Rectangle_Intersection.csproj", "{2C54712F-A738-4DCC-8476-37AA1390CFE8}"
EndProject
Project("{9A19103F-16F7-4668-BE54-9A1E7A4F7556}") = "10.Car_Salesman", "10.Car_Salesman\10.Car_Salesman.csproj", "{C1D97FD2-62B3-465B-8FB3-07549FA7FDD0}"
EndProject
Project("{FAE04EC0-301F-11D3-BF4B-00C04F79EFBC}") = "11.Pokemon_Trainer", "11.Pokemon_Trainer\11.Pokemon_Trainer.csproj", "{5335ED29-9ED1-4514-A0FF-170667E63844}"
EndProject
Project("{FAE04EC0-301F-11D3-BF4B-00C04F79EFBC}") = "12.Google", "12.Google\12.Google.csproj", "{DE2E7C4D-82D1-412C-89C9-25BA3FFFEB78}"
EndProject
Project("{FAE04EC0-301F-11D3-BF4B-00C04F79EFBC}") = "13.Family_Tree", "13.Family_Tree\13.Family_Tree.csproj", "{667FAE59-4617-454E-9EDF-2212DC4C8E6B}"
EndProject
Global
	GlobalSection(SolutionConfigurationPlatforms) = preSolution
		Debug|Any CPU = Debug|Any CPU
		Release|Any CPU = Release|Any CPU
	EndGlobalSection
	GlobalSection(ProjectConfigurationPlatforms) = postSolution
		{526DE6A8-3B57-497D-B70B-1E76D344B18F}.Debug|Any CPU.ActiveCfg = Debug|Any CPU
		{526DE6A8-3B57-497D-B70B-1E76D344B18F}.Debug|Any CPU.Build.0 = Debug|Any CPU
		{526DE6A8-3B57-497D-B70B-1E76D344B18F}.Release|Any CPU.ActiveCfg = Release|Any CPU
		{526DE6A8-3B57-497D-B70B-1E76D344B18F}.Release|Any CPU.Build.0 = Release|Any CPU
		{3E247C37-6D66-4F40-A795-B34DC45A55C5}.Debug|Any CPU.ActiveCfg = Debug|Any CPU
		{3E247C37-6D66-4F40-A795-B34DC45A55C5}.Debug|Any CPU.Build.0 = Debug|Any CPU
		{3E247C37-6D66-4F40-A795-B34DC45A55C5}.Release|Any CPU.ActiveCfg = Release|Any CPU
		{3E247C37-6D66-4F40-A795-B34DC45A55C5}.Release|Any CPU.Build.0 = Release|Any CPU
		{2F059C59-5334-4D31-BE46-6814FFD000FA}.Debug|Any CPU.ActiveCfg = Debug|Any CPU
		{2F059C59-5334-4D31-BE46-6814FFD000FA}.Debug|Any CPU.Build.0 = Debug|Any CPU
		{2F059C59-5334-4D31-BE46-6814FFD000FA}.Release|Any CPU.ActiveCfg = Release|Any CPU
		{2F059C59-5334-4D31-BE46-6814FFD000FA}.Release|Any CPU.Build.0 = Release|Any CPU
		{0EAB2071-8099-4F14-B657-06F1ADB7A1A2}.Debug|Any CPU.ActiveCfg = Debug|Any CPU
		{0EAB2071-8099-4F14-B657-06F1ADB7A1A2}.Debug|Any CPU.Build.0 = Debug|Any CPU
		{0EAB2071-8099-4F14-B657-06F1ADB7A1A2}.Release|Any CPU.ActiveCfg = Release|Any CPU
		{0EAB2071-8099-4F14-B657-06F1ADB7A1A2}.Release|Any CPU.Build.0 = Release|Any CPU
		{A83709FB-F374-41B9-B963-A0478F303FF0}.Debug|Any CPU.ActiveCfg = Debug|Any CPU
		{A83709FB-F374-41B9-B963-A0478F303FF0}.Debug|Any CPU.Build.0 = Debug|Any CPU
		{A83709FB-F374-41B9-B963-A0478F303FF0}.Release|Any CPU.ActiveCfg = Release|Any CPU
		{A83709FB-F374-41B9-B963-A0478F303FF0}.Release|Any CPU.Build.0 = Release|Any CPU
		{26E94B89-A4B7-4BD1-A4B5-98509A60F9AF}.Debug|Any CPU.ActiveCfg = Debug|Any CPU
		{26E94B89-A4B7-4BD1-A4B5-98509A60F9AF}.Debug|Any CPU.Build.0 = Debug|Any CPU
		{26E94B89-A4B7-4BD1-A4B5-98509A60F9AF}.Release|Any CPU.ActiveCfg = Release|Any CPU
		{26E94B89-A4B7-4BD1-A4B5-98509A60F9AF}.Release|Any CPU.Build.0 = Release|Any CPU
		{2C54712F-A738-4DCC-8476-37AA1390CFE8}.Debug|Any CPU.ActiveCfg = Debug|Any CPU
		{2C54712F-A738-4DCC-8476-37AA1390CFE8}.Debug|Any CPU.Build.0 = Debug|Any CPU
		{2C54712F-A738-4DCC-8476-37AA1390CFE8}.Release|Any CPU.ActiveCfg = Release|Any CPU
		{2C54712F-A738-4DCC-8476-37AA1390CFE8}.Release|Any CPU.Build.0 = Release|Any CPU
		{C1D97FD2-62B3-465B-8FB3-07549FA7FDD0}.Debug|Any CPU.ActiveCfg = Debug|Any CPU
		{C1D97FD2-62B3-465B-8FB3-07549FA7FDD0}.Debug|Any CPU.Build.0 = Debug|Any CPU
		{C1D97FD2-62B3-465B-8FB3-07549FA7FDD0}.Release|Any CPU.ActiveCfg = Release|Any CPU
		{C1D97FD2-62B3-465B-8FB3-07549FA7FDD0}.Release|Any CPU.Build.0 = Release|Any CPU
		{5335ED29-9ED1-4514-A0FF-170667E63844}.Debug|Any CPU.ActiveCfg = Debug|Any CPU
		{5335ED29-9ED1-4514-A0FF-170667E63844}.Debug|Any CPU.Build.0 = Debug|Any CPU
		{5335ED29-9ED1-4514-A0FF-170667E63844}.Release|Any CPU.ActiveCfg = Release|Any CPU
		{5335ED29-9ED1-4514-A0FF-170667E63844}.Release|Any CPU.Build.0 = Release|Any CPU
		{DE2E7C4D-82D1-412C-89C9-25BA3FFFEB78}.Debug|Any CPU.ActiveCfg = Debug|Any CPU
		{DE2E7C4D-82D1-412C-89C9-25BA3FFFEB78}.Debug|Any CPU.Build.0 = Debug|Any CPU
		{DE2E7C4D-82D1-412C-89C9-25BA3FFFEB78}.Release|Any CPU.ActiveCfg = Release|Any CPU
		{DE2E7C4D-82D1-412C-89C9-25BA3FFFEB78}.Release|Any CPU.Build.0 = Release|Any CPU
		{667FAE59-4617-454E-9EDF-2212DC4C8E6B}.Debug|Any CPU.ActiveCfg = Debug|Any CPU
		{667FAE59-4617-454E-9EDF-2212DC4C8E6B}.Debug|Any CPU.Build.0 = Debug|Any CPU
		{667FAE59-4617-454E-9EDF-2212DC4C8E6B}.Release|Any CPU.ActiveCfg = Release|Any CPU
		{667FAE59-4617-454E-9EDF-2212DC4C8E6B}.Release|Any CPU.Build.0 = Release|Any CPU
	EndGlobalSection
	GlobalSection(SolutionProperties) = preSolution
		HideSolutionNode = FALSE
	EndGlobalSection
	GlobalSection(ExtensibilityGlobals) = postSolution
		SolutionGuid = {D364D106-D07D-4E8A-984A-329F8E0C5AA1}
	EndGlobalSection
EndGlobal
