
Microsoft Visual Studio Solution File, Format Version 12.00
# Visual Studio 15
VisualStudioVersion = 15.0.28010.2026
MinimumVisualStudioVersion = 10.0.40219.1
Project("{9A19103F-16F7-4668-BE54-9A1E7A4F7556}") = "02.Articles", "02.Articles\02.Articles.csproj", "{C9A56EFD-9BA3-4F01-8577-A3969AABDA51}"
EndProject
Project("{9A19103F-16F7-4668-BE54-9A1E7A4F7556}") = "03.Articles_2.0", "03.Articles_2.0\03.Articles_2.0.csproj", "{719DE928-B6EF-41A7-B74E-B9E749038D8B}"
EndProject
Project("{9A19103F-16F7-4668-BE54-9A1E7A4F7556}") = "04.Students", "04.Students\04.Students.csproj", "{19ADD679-7E8D-41A9-B98D-A08130BF5B08}"
EndProject
Project("{9A19103F-16F7-4668-BE54-9A1E7A4F7556}") = "05.Team_Projects", "05.Team_Projects\05.Team_Projects.csproj", "{254901E7-2842-4907-ACDF-34690549E86D}"
EndProject
Project("{9A19103F-16F7-4668-BE54-9A1E7A4F7556}") = "06.Vehicle_Catalogue", "06.Vehicle_Catalogue\06.Vehicle_Catalogue.csproj", "{B6342452-1260-4C43-8B28-75B6C2EB10E1}"
EndProject
Project("{9A19103F-16F7-4668-BE54-9A1E7A4F7556}") = "07.Order_By_Age", "07.Order_By_Age\07.Order_By_Age.csproj", "{797A4A95-7821-4E64-82B4-CD3AD110D81B}"
EndProject
Project("{FAE04EC0-301F-11D3-BF4B-00C04F79EFBC}") = "Additional_01.Company_Roster", "Additional_01.Company_Roster\Additional_01.Company_Roster.csproj", "{6CCD608D-C9EF-4710-A8C0-D198B15EB247}"
EndProject
Project("{FAE04EC0-301F-11D3-BF4B-00C04F79EFBC}") = "Additional_02.Oldest_Familiy_Member", "Additional_02.Oldest_Familiy_Member\Additional_02.Oldest_Familiy_Member.csproj", "{6FFA4EBA-9A0C-4DA5-8D8A-859EA6DCC320}"
EndProject
Project("{FAE04EC0-301F-11D3-BF4B-00C04F79EFBC}") = "Additional_03.Speed_Racing", "Additional_03.Speed_Racing\Additional_03.Speed_Racing.csproj", "{7A8612C6-96CB-4971-83A7-868B75B6E577}"
EndProject
Project("{FAE04EC0-301F-11D3-BF4B-00C04F79EFBC}") = "Additional_04.Raw_Data", "Additional_04.Raw_Data\Additional_04.Raw_Data.csproj", "{EA7F32B6-F72D-4A99-AD46-8D316A6101F9}"
EndProject
Project("{FAE04EC0-301F-11D3-BF4B-00C04F79EFBC}") = "Additional_05.Shopping_Spree", "Additional_05.Shopping_Spree\Additional_05.Shopping_Spree.csproj", "{76E70020-BC42-4C2B-9BAF-F8C0C38BCCFE}"
EndProject
Global
	GlobalSection(SolutionConfigurationPlatforms) = preSolution
		Debug|Any CPU = Debug|Any CPU
		Release|Any CPU = Release|Any CPU
	EndGlobalSection
	GlobalSection(ProjectConfigurationPlatforms) = postSolution
		{C9A56EFD-9BA3-4F01-8577-A3969AABDA51}.Debug|Any CPU.ActiveCfg = Debug|Any CPU
		{C9A56EFD-9BA3-4F01-8577-A3969AABDA51}.Debug|Any CPU.Build.0 = Debug|Any CPU
		{C9A56EFD-9BA3-4F01-8577-A3969AABDA51}.Release|Any CPU.ActiveCfg = Release|Any CPU
		{C9A56EFD-9BA3-4F01-8577-A3969AABDA51}.Release|Any CPU.Build.0 = Release|Any CPU
		{719DE928-B6EF-41A7-B74E-B9E749038D8B}.Debug|Any CPU.ActiveCfg = Debug|Any CPU
		{719DE928-B6EF-41A7-B74E-B9E749038D8B}.Debug|Any CPU.Build.0 = Debug|Any CPU
		{719DE928-B6EF-41A7-B74E-B9E749038D8B}.Release|Any CPU.ActiveCfg = Release|Any CPU
		{719DE928-B6EF-41A7-B74E-B9E749038D8B}.Release|Any CPU.Build.0 = Release|Any CPU
		{19ADD679-7E8D-41A9-B98D-A08130BF5B08}.Debug|Any CPU.ActiveCfg = Debug|Any CPU
		{19ADD679-7E8D-41A9-B98D-A08130BF5B08}.Debug|Any CPU.Build.0 = Debug|Any CPU
		{19ADD679-7E8D-41A9-B98D-A08130BF5B08}.Release|Any CPU.ActiveCfg = Release|Any CPU
		{19ADD679-7E8D-41A9-B98D-A08130BF5B08}.Release|Any CPU.Build.0 = Release|Any CPU
		{254901E7-2842-4907-ACDF-34690549E86D}.Debug|Any CPU.ActiveCfg = Debug|Any CPU
		{254901E7-2842-4907-ACDF-34690549E86D}.Debug|Any CPU.Build.0 = Debug|Any CPU
		{254901E7-2842-4907-ACDF-34690549E86D}.Release|Any CPU.ActiveCfg = Release|Any CPU
		{254901E7-2842-4907-ACDF-34690549E86D}.Release|Any CPU.Build.0 = Release|Any CPU
		{B6342452-1260-4C43-8B28-75B6C2EB10E1}.Debug|Any CPU.ActiveCfg = Debug|Any CPU
		{B6342452-1260-4C43-8B28-75B6C2EB10E1}.Debug|Any CPU.Build.0 = Debug|Any CPU
		{B6342452-1260-4C43-8B28-75B6C2EB10E1}.Release|Any CPU.ActiveCfg = Release|Any CPU
		{B6342452-1260-4C43-8B28-75B6C2EB10E1}.Release|Any CPU.Build.0 = Release|Any CPU
		{797A4A95-7821-4E64-82B4-CD3AD110D81B}.Debug|Any CPU.ActiveCfg = Debug|Any CPU
		{797A4A95-7821-4E64-82B4-CD3AD110D81B}.Debug|Any CPU.Build.0 = Debug|Any CPU
		{797A4A95-7821-4E64-82B4-CD3AD110D81B}.Release|Any CPU.ActiveCfg = Release|Any CPU
		{797A4A95-7821-4E64-82B4-CD3AD110D81B}.Release|Any CPU.Build.0 = Release|Any CPU
		{6CCD608D-C9EF-4710-A8C0-D198B15EB247}.Debug|Any CPU.ActiveCfg = Debug|Any CPU
		{6CCD608D-C9EF-4710-A8C0-D198B15EB247}.Debug|Any CPU.Build.0 = Debug|Any CPU
		{6CCD608D-C9EF-4710-A8C0-D198B15EB247}.Release|Any CPU.ActiveCfg = Release|Any CPU
		{6CCD608D-C9EF-4710-A8C0-D198B15EB247}.Release|Any CPU.Build.0 = Release|Any CPU
		{6FFA4EBA-9A0C-4DA5-8D8A-859EA6DCC320}.Debug|Any CPU.ActiveCfg = Debug|Any CPU
		{6FFA4EBA-9A0C-4DA5-8D8A-859EA6DCC320}.Debug|Any CPU.Build.0 = Debug|Any CPU
		{6FFA4EBA-9A0C-4DA5-8D8A-859EA6DCC320}.Release|Any CPU.ActiveCfg = Release|Any CPU
		{6FFA4EBA-9A0C-4DA5-8D8A-859EA6DCC320}.Release|Any CPU.Build.0 = Release|Any CPU
		{7A8612C6-96CB-4971-83A7-868B75B6E577}.Debug|Any CPU.ActiveCfg = Debug|Any CPU
		{7A8612C6-96CB-4971-83A7-868B75B6E577}.Debug|Any CPU.Build.0 = Debug|Any CPU
		{7A8612C6-96CB-4971-83A7-868B75B6E577}.Release|Any CPU.ActiveCfg = Release|Any CPU
		{7A8612C6-96CB-4971-83A7-868B75B6E577}.Release|Any CPU.Build.0 = Release|Any CPU
		{EA7F32B6-F72D-4A99-AD46-8D316A6101F9}.Debug|Any CPU.ActiveCfg = Debug|Any CPU
		{EA7F32B6-F72D-4A99-AD46-8D316A6101F9}.Debug|Any CPU.Build.0 = Debug|Any CPU
		{EA7F32B6-F72D-4A99-AD46-8D316A6101F9}.Release|Any CPU.ActiveCfg = Release|Any CPU
		{EA7F32B6-F72D-4A99-AD46-8D316A6101F9}.Release|Any CPU.Build.0 = Release|Any CPU
		{76E70020-BC42-4C2B-9BAF-F8C0C38BCCFE}.Debug|Any CPU.ActiveCfg = Debug|Any CPU
		{76E70020-BC42-4C2B-9BAF-F8C0C38BCCFE}.Debug|Any CPU.Build.0 = Debug|Any CPU
		{76E70020-BC42-4C2B-9BAF-F8C0C38BCCFE}.Release|Any CPU.ActiveCfg = Release|Any CPU
		{76E70020-BC42-4C2B-9BAF-F8C0C38BCCFE}.Release|Any CPU.Build.0 = Release|Any CPU
	EndGlobalSection
	GlobalSection(SolutionProperties) = preSolution
		HideSolutionNode = FALSE
	EndGlobalSection
	GlobalSection(ExtensibilityGlobals) = postSolution
		SolutionGuid = {D25409B8-387D-46E6-A36C-FF05973DBC42}
	EndGlobalSection
EndGlobal
